
Microsoft Visual Studio Solution File, Format Version 12.00
# Visual Studio Version 17
VisualStudioVersion = 17.6.33815.320
MinimumVisualStudioVersion = 10.0.40219.1
Project("{FAE04EC0-301F-11D3-BF4B-00C04F79EFBC}") = "EmployeeAccountingSystem", "EmployeeAccountingSystem\EmployeeAccountingSystem.csproj", "{C20B690B-6113-4DDF-856B-72E8D7264BAC}"
EndProject
Global
	GlobalSection(SolutionConfigurationPlatforms) = preSolution
		Debug|Any CPU = Debug|Any CPU
		Release|Any CPU = Release|Any CPU
	EndGlobalSection
	GlobalSection(ProjectConfigurationPlatforms) = postSolution
		{C20B690B-6113-4DDF-856B-72E8D7264BAC}.Debug|Any CPU.ActiveCfg = Debug|Any CPU
		{C20B690B-6113-4DDF-856B-72E8D7264BAC}.Debug|Any CPU.Build.0 = Debug|Any CPU
		{C20B690B-6113-4DDF-856B-72E8D7264BAC}.Release|Any CPU.ActiveCfg = Release|Any CPU
		{C20B690B-6113-4DDF-856B-72E8D7264BAC}.Release|Any CPU.Build.0 = Release|Any CPU
	EndGlobalSection
	GlobalSection(SolutionProperties) = preSolution
		HideSolutionNode = FALSE
	EndGlobalSection
	GlobalSection(ExtensibilityGlobals) = postSolution
		SolutionGuid = {06BD44D2-862F-4E9E-AA13-C8B7696D73C6}
	EndGlobalSection
EndGlobal
